// !$*UTF8*$!
{
	archiveVersion = 1;
	classes = {
	};
	objectVersion = 77;
	objects = {

/* Begin PBXContainerItemProxy section */
		EF90620A2EA83BB800B650B4 /* PBXContainerItemProxy */ = {
			isa = PBXContainerItemProxy;
			containerPortal = EF9061F42EA83BB500B650B4 /* Project object */;
			proxyType = 1;
			remoteGlobalIDString = EF9061FB2EA83BB600B650B4;
			remoteInfo = QuickSwitcherInteraction;
		};
		EF9062142EA83BB800B650B4 /* PBXContainerItemProxy */ = {
			isa = PBXContainerItemProxy;
			containerPortal = EF9061F42EA83BB500B650B4 /* Project object */;
			proxyType = 1;
			remoteGlobalIDString = EF9061FB2EA83BB600B650B4;
			remoteInfo = QuickSwitcherInteraction;
		};
/* End PBXContainerItemProxy section */

/* Begin PBXFileReference section */
		EF9061FC2EA83BB600B650B4 /* QuickSwitcherInteraction.app */ = {isa = PBXFileReference; explicitFileType = wrapper.application; includeInIndex = 0; path = QuickSwitcherInteraction.app; sourceTree = BUILT_PRODUCTS_DIR; };
		EF9062092EA83BB800B650B4 /* QuickSwitcherInteractionTests.xctest */ = {isa = PBXFileReference; explicitFileType = wrapper.cfbundle; includeInIndex = 0; path = QuickSwitcherInteractionTests.xctest; sourceTree = BUILT_PRODUCTS_DIR; };
		EF9062132EA83BB800B650B4 /* QuickSwitcherInteractionUITests.xctest */ = {isa = PBXFileReference; explicitFileType = wrapper.cfbundle; includeInIndex = 0; path = QuickSwitcherInteractionUITests.xctest; sourceTree = BUILT_PRODUCTS_DIR; };
/* End PBXFileReference section */

/* Begin PBXFileSystemSynchronizedRootGroup section */
		EF9061FE2EA83BB600B650B4 /* QuickSwitcherInteraction */ = {
			isa = PBXFileSystemSynchronizedRootGroup;
			path = QuickSwitcherInteraction;
			sourceTree = "<group>";
		};
		EF90620C2EA83BB800B650B4 /* QuickSwitcherInteractionTests */ = {
			isa = PBXFileSystemSynchronizedRootGroup;
			path = QuickSwitcherInteractionTests;
			sourceTree = "<group>";
		};
		EF9062162EA83BB800B650B4 /* QuickSwitcherInteractionUITests */ = {
			isa = PBXFileSystemSynchronizedRootGroup;
			path = QuickSwitcherInteractionUITests;
			sourceTree = "<group>";
		};
/* End PBXFileSystemSynchronizedRootGroup section */

/* Begin PBXFrameworksBuildPhase section */
		EF9061F92EA83BB600B650B4 /* Frameworks */ = {
			isa = PBXFrameworksBuildPhase;
			buildActionMask = 2147483647;
			files = (
			);
			runOnlyForDeploymentPostprocessing = 0;
		};
		EF9062062EA83BB800B650B4 /* Frameworks */ = {
			isa = PBXFrameworksBuildPhase;
			buildActionMask = 2147483647;
			files = (
			);
			runOnlyForDeploymentPostprocessing = 0;
		};
		EF9062102EA83BB800B650B4 /* Frameworks */ = {
			isa = PBXFrameworksBuildPhase;
			buildActionMask = 2147483647;
			files = (
			);
			runOnlyForDeploymentPostprocessing = 0;
		};
/* End PBXFrameworksBuildPhase section */

/* Begin PBXGroup section */
		EF9061F32EA83BB500B650B4 = {
			isa = PBXGroup;
			children = (
				EF9061FE2EA83BB600B650B4 /* QuickSwitcherInteraction */,
				EF90620C2EA83BB800B650B4 /* QuickSwitcherInteractionTests */,
				EF9062162EA83BB800B650B4 /* QuickSwitcherInteractionUITests */,
				EF9061FD2EA83BB600B650B4 /* Products */,
			);
			sourceTree = "<group>";
		};
		EF9061FD2EA83BB600B650B4 /* Products */ = {
			isa = PBXGroup;
			children = (
				EF9061FC2EA83BB600B650B4 /* QuickSwitcherInteraction.app */,
				EF9062092EA83BB800B650B4 /* QuickSwitcherInteractionTests.xctest */,
				EF9062132EA83BB800B650B4 /* QuickSwitcherInteractionUITests.xctest */,
			);
			name = Products;
			sourceTree = "<group>";
		};
/* End PBXGroup section */

/* Begin PBXNativeTarget section */
		EF9061FB2EA83BB600B650B4 /* QuickSwitcherInteraction */ = {
			isa = PBXNativeTarget;
			buildConfigurationList = EF90621D2EA83BB800B650B4 /* Build configuration list for PBXNativeTarget "QuickSwitcherInteraction" */;
			buildPhases = (
				EF9061F82EA83BB600B650B4 /* Sources */,
				EF9061F92EA83BB600B650B4 /* Frameworks */,
				EF9061FA2EA83BB600B650B4 /* Resources */,
			);
			buildRules = (
			);
			dependencies = (
			);
			fileSystemSynchronizedGroups = (
				EF9061FE2EA83BB600B650B4 /* QuickSwitcherInteraction */,
			);
			name = QuickSwitcherInteraction;
			packageProductDependencies = (
			);
			productName = QuickSwitcherInteraction;
			productReference = EF9061FC2EA83BB600B650B4 /* QuickSwitcherInteraction.app */;
			productType = "com.apple.product-type.application";
		};
		EF9062082EA83BB800B650B4 /* QuickSwitcherInteractionTests */ = {
			isa = PBXNativeTarget;
			buildConfigurationList = EF9062202EA83BB800B650B4 /* Build configuration list for PBXNativeTarget "QuickSwitcherInteractionTests" */;
			buildPhases = (
				EF9062052EA83BB800B650B4 /* Sources */,
				EF9062062EA83BB800B650B4 /* Frameworks */,
				EF9062072EA83BB800B650B4 /* Resources */,
			);
			buildRules = (
			);
			dependencies = (
				EF90620B2EA83BB800B650B4 /* PBXTargetDependency */,
			);
			fileSystemSynchronizedGroups = (
				EF90620C2EA83BB800B650B4 /* QuickSwitcherInteractionTests */,
			);
			name = QuickSwitcherInteractionTests;
			packageProductDependencies = (
			);
			productName = QuickSwitcherInteractionTests;
			productReference = EF9062092EA83BB800B650B4 /* QuickSwitcherInteractionTests.xctest */;
			productType = "com.apple.product-type.bundle.unit-test";
		};
		EF9062122EA83BB800B650B4 /* QuickSwitcherInteractionUITests */ = {
			isa = PBXNativeTarget;
			buildConfigurationList = EF9062232EA83BB800B650B4 /* Build configuration list for PBXNativeTarget "QuickSwitcherInteractionUITests" */;
			buildPhases = (
				EF90620F2EA83BB800B650B4 /* Sources */,
				EF9062102EA83BB800B650B4 /* Frameworks */,
				EF9062112EA83BB800B650B4 /* Resources */,
			);
			buildRules = (
			);
			dependencies = (
				EF9062152EA83BB800B650B4 /* PBXTargetDependency */,
			);
			fileSystemSynchronizedGroups = (
				EF9062162EA83BB800B650B4 /* QuickSwitcherInteractionUITests */,
			);
			name = QuickSwitcherInteractionUITests;
			packageProductDependencies = (
			);
			productName = QuickSwitcherInteractionUITests;
			productReference = EF9062132EA83BB800B650B4 /* QuickSwitcherInteractionUITests.xctest */;
			productType = "com.apple.product-type.bundle.ui-testing";
		};
/* End PBXNativeTarget section */

/* Begin PBXProject section */
		EF9061F42EA83BB500B650B4 /* Project object */ = {
			isa = PBXProject;
			attributes = {
				BuildIndependentTargetsInParallel = 1;
				LastSwiftUpdateCheck = 2600;
				LastUpgradeCheck = 2600;
				TargetAttributes = {
					EF9061FB2EA83BB600B650B4 = {
						CreatedOnToolsVersion = 26.0.1;
					};
					EF9062082EA83BB800B650B4 = {
						CreatedOnToolsVersion = 26.0.1;
						TestTargetID = EF9061FB2EA83BB600B650B4;
					};
					EF9062122EA83BB800B650B4 = {
						CreatedOnToolsVersion = 26.0.1;
						TestTargetID = EF9061FB2EA83BB600B650B4;
					};
				};
			};
			buildConfigurationList = EF9061F72EA83BB500B650B4 /* Build configuration list for PBXProject "QuickSwitcherInteraction" */;
			developmentRegion = en;
			hasScannedForEncodings = 0;
			knownRegions = (
				en,
				Base,
			);
			mainGroup = EF9061F32EA83BB500B650B4;
			minimizedProjectReferenceProxies = 1;
			preferredProjectObjectVersion = 77;
			productRefGroup = EF9061FD2EA83BB600B650B4 /* Products */;
			projectDirPath = "";
			projectRoot = "";
			targets = (
				EF9061FB2EA83BB600B650B4 /* QuickSwitcherInteraction */,
				EF9062082EA83BB800B650B4 /* QuickSwitcherInteractionTests */,
				EF9062122EA83BB800B650B4 /* QuickSwitcherInteractionUITests */,
			);
		};
/* End PBXProject section */

/* Begin PBXResourcesBuildPhase section */
		EF9061FA2EA83BB600B650B4 /* Resources */ = {
			isa = PBXResourcesBuildPhase;
			buildActionMask = 2147483647;
			files = (
			);
			runOnlyForDeploymentPostprocessing = 0;
		};
		EF9062072EA83BB800B650B4 /* Resources */ = {
			isa = PBXResourcesBuildPhase;
			buildActionMask = 2147483647;
			files = (
			);
			runOnlyForDeploymentPostprocessing = 0;
		};
		EF9062112EA83BB800B650B4 /* Resources */ = {
			isa = PBXResourcesBuildPhase;
			buildActionMask = 2147483647;
			files = (
			);
			runOnlyForDeploymentPostprocessing = 0;
		};
/* End PBXResourcesBuildPhase section */

/* Begin PBXSourcesBuildPhase section */
		EF9061F82EA83BB600B650B4 /* Sources */ = {
			isa = PBXSourcesBuildPhase;
			buildActionMask = 2147483647;
			files = (
			);
			runOnlyForDeploymentPostprocessing = 0;
		};
		EF9062052EA83BB800B650B4 /* Sources */ = {
			isa = PBXSourcesBuildPhase;
			buildActionMask = 2147483647;
			files = (
			);
			runOnlyForDeploymentPostprocessing = 0;
		};
		EF90620F2EA83BB800B650B4 /* Sources */ = {
			isa = PBXSourcesBuildPhase;
			buildActionMask = 2147483647;
			files = (
			);
			runOnlyForDeploymentPostprocessing = 0;
		};
/* End PBXSourcesBuildPhase section */

/* Begin PBXTargetDependency section */
		EF90620B2EA83BB800B650B4 /* PBXTargetDependency */ = {
			isa = PBXTargetDependency;
			target = EF9061FB2EA83BB600B650B4 /* QuickSwitcherInteraction */;
			targetProxy = EF90620A2EA83BB800B650B4 /* PBXContainerItemProxy */;
		};
		EF9062152EA83BB800B650B4 /* PBXTargetDependency */ = {
			isa = PBXTargetDependency;
			target = EF9061FB2EA83BB600B650B4 /* QuickSwitcherInteraction */;
			targetProxy = EF9062142EA83BB800B650B4 /* PBXContainerItemProxy */;
		};
/* End PBXTargetDependency section */

/* Begin XCBuildConfiguration section */
		EF90621B2EA83BB800B650B4 /* Debug */ = {
			isa = XCBuildConfiguration;
			buildSettings = {
				ALWAYS_SEARCH_USER_PATHS = NO;
				ASSETCATALOG_COMPILER_GENERATE_SWIFT_ASSET_SYMBOL_EXTENSIONS = YES;
				CLANG_ANALYZER_NONNULL = YES;
				CLANG_ANALYZER_NUMBER_OBJECT_CONVERSION = YES_AGGRESSIVE;
				CLANG_CXX_LANGUAGE_STANDARD = "gnu++20";
				CLANG_ENABLE_MODULES = YES;
				CLANG_ENABLE_OBJC_ARC = YES;
				CLANG_ENABLE_OBJC_WEAK = YES;
				CLANG_WARN_BLOCK_CAPTURE_AUTORELEASING = YES;
				CLANG_WARN_BOOL_CONVERSION = YES;
				CLANG_WARN_COMMA = YES;
				CLANG_WARN_CONSTANT_CONVERSION = YES;
				CLANG_WARN_DEPRECATED_OBJC_IMPLEMENTATIONS = YES;
				CLANG_WARN_DIRECT_OBJC_ISA_USAGE = YES_ERROR;
				CLANG_WARN_DOCUMENTATION_COMMENTS = YES;
				CLANG_WARN_EMPTY_BODY = YES;
				CLANG_WARN_ENUM_CONVERSION = YES;
				CLANG_WARN_INFINITE_RECURSION = YES;
				CLANG_WARN_INT_CONVERSION = YES;
				CLANG_WARN_NON_LITERAL_NULL_CONVERSION = YES;
				CLANG_WARN_OBJC_IMPLICIT_RETAIN_SELF = YES;
				CLANG_WARN_OBJC_LITERAL_CONVERSION = YES;
				CLANG_WARN_OBJC_ROOT_CLASS = YES_ERROR;
				CLANG_WARN_QUOTED_INCLUDE_IN_FRAMEWORK_HEADER = YES;
				CLANG_WARN_RANGE_LOOP_ANALYSIS = YES;
				CLANG_WARN_STRICT_PROTOTYPES = YES;
				CLANG_WARN_SUSPICIOUS_MOVE = YES;
				CLANG_WARN_UNGUARDED_AVAILABILITY = YES_AGGRESSIVE;
				CLANG_WARN_UNREACHABLE_CODE = YES;
				CLANG_WARN__DUPLICATE_METHOD_MATCH = YES;
				COPY_PHASE_STRIP = NO;
				DEBUG_INFORMATION_FORMAT = dwarf;
				ENABLE_STRICT_OBJC_MSGSEND = YES;
				ENABLE_TESTABILITY = YES;
				ENABLE_USER_SCRIPT_SANDBOXING = YES;
				GCC_C_LANGUAGE_STANDARD = gnu17;
				GCC_DYNAMIC_NO_PIC = NO;
				GCC_NO_COMMON_BLOCKS = YES;
				GCC_OPTIMIZATION_LEVEL = 0;
				GCC_PREPROCESSOR_DEFINITIONS = (
					"DEBUG=1",
					"$(inherited)",
				);
				GCC_WARN_64_TO_32_BIT_CONVERSION = YES;
				GCC_WARN_ABOUT_RETURN_TYPE = YES_ERROR;
				GCC_WARN_UNDECLARED_SELECTOR = YES;
				GCC_WARN_UNINITIALIZED_AUTOS = YES_AGGRESSIVE;
				GCC_WARN_UNUSED_FUNCTION = YES;
				GCC_WARN_UNUSED_VARIABLE = YES;
				IPHONEOS_DEPLOYMENT_TARGET = 26.0;
				LOCALIZATION_PREFERS_STRING_CATALOGS = YES;
				MTL_ENABLE_DEBUG_INFO = INCLUDE_SOURCE;
				MTL_FAST_MATH = YES;
				ONLY_ACTIVE_ARCH = YES;
				SDKROOT = iphoneos;
				SWIFT_ACTIVE_COMPILATION_CONDITIONS = "DEBUG $(inherited)";
				SWIFT_OPTIMIZATION_LEVEL = "-Onone";
			};
			name = Debug;
		};
		EF90621C2EA83BB800B650B4 /* Release */ = {
			isa = XCBuildConfiguration;
			buildSettings = {
				ALWAYS_SEARCH_USER_PATHS = NO;
				ASSETCATALOG_COMPILER_GENERATE_SWIFT_ASSET_SYMBOL_EXTENSIONS = YES;
				CLANG_ANALYZER_NONNULL = YES;
				CLANG_ANALYZER_NUMBER_OBJECT_CONVERSION = YES_AGGRESSIVE;
				CLANG_CXX_LANGUAGE_STANDARD = "gnu++20";
				CLANG_ENABLE_MODULES = YES;
				CLANG_ENABLE_OBJC_ARC = YES;
				CLANG_ENABLE_OBJC_WEAK = YES;
				CLANG_WARN_BLOCK_CAPTURE_AUTORELEASING = YES;
				CLANG_WARN_BOOL_CONVERSION = YES;
				CLANG_WARN_COMMA = YES;
				CLANG_WARN_CONSTANT_CONVERSION = YES;
				CLANG_WARN_DEPRECATED_OBJC_IMPLEMENTATIONS = YES;
				CLANG_WARN_DIRECT_OBJC_ISA_USAGE = YES_ERROR;
				CLANG_WARN_DOCUMENTATION_COMMENTS = YES;
				CLANG_WARN_EMPTY_BODY = YES;
				CLANG_WARN_ENUM_CONVERSION = YES;
				CLANG_WARN_INFINITE_RECURSION = YES;
				CLANG_WARN_INT_CONVERSION = YES;
				CLANG_WARN_NON_LITERAL_NULL_CONVERSION = YES;
				CLANG_WARN_OBJC_IMPLICIT_RETAIN_SELF = YES;
				CLANG_WARN_OBJC_LITERAL_CONVERSION = YES;
				CLANG_WARN_OBJC_ROOT_CLASS = YES_ERROR;
				CLANG_WARN_QUOTED_INCLUDE_IN_FRAMEWORK_HEADER = YES;
				CLANG_WARN_RANGE_LOOP_ANALYSIS = YES;
				CLANG_WARN_STRICT_PROTOTYPES = YES;
				CLANG_WARN_SUSPICIOUS_MOVE = YES;
				CLANG_WARN_UNGUARDED_AVAILABILITY = YES_AGGRESSIVE;
				CLANG_WARN_UNREACHABLE_CODE = YES;
				CLANG_WARN__DUPLICATE_METHOD_MATCH = YES;
				COPY_PHASE_STRIP = NO;
				DEBUG_INFORMATION_FORMAT = "dwarf-with-dsym";
				ENABLE_NS_ASSERTIONS = NO;
				ENABLE_STRICT_OBJC_MSGSEND = YES;
				ENABLE_USER_SCRIPT_SANDBOXING = YES;
				GCC_C_LANGUAGE_STANDARD = gnu17;
				GCC_NO_COMMON_BLOCKS = YES;
				GCC_WARN_64_TO_32_BIT_CONVERSION = YES;
				GCC_WARN_ABOUT_RETURN_TYPE = YES_ERROR;
				GCC_WARN_UNDECLARED_SELECTOR = YES;
				GCC_WARN_UNINITIALIZED_AUTOS = YES_AGGRESSIVE;
				GCC_WARN_UNUSED_FUNCTION = YES;
				GCC_WARN_UNUSED_VARIABLE = YES;
				IPHONEOS_DEPLOYMENT_TARGET = 26.0;
				LOCALIZATION_PREFERS_STRING_CATALOGS = YES;
				MTL_ENABLE_DEBUG_INFO = NO;
				MTL_FAST_MATH = YES;
				SDKROOT = iphoneos;
				SWIFT_COMPILATION_MODE = wholemodule;
				VALIDATE_PRODUCT = YES;
			};
			name = Release;
		};
		EF90621E2EA83BB800B650B4 /* Debug */ = {
			isa = XCBuildConfiguration;
			buildSettings = {
				ASSETCATALOG_COMPILER_APPICON_NAME = AppIcon;
				ASSETCATALOG_COMPILER_GLOBAL_ACCENT_COLOR_NAME = AccentColor;
				CODE_SIGN_STYLE = Automatic;
				CURRENT_PROJECT_VERSION = 1;
				ENABLE_PREVIEWS = YES;
				GENERATE_INFOPLIST_FILE = YES;
				INFOPLIST_KEY_UIApplicationSceneManifest_Generation = YES;
				INFOPLIST_KEY_UIApplicationSupportsIndirectInputEvents = YES;
				INFOPLIST_KEY_UILaunchScreen_Generation = YES;
				INFOPLIST_KEY_UISupportedInterfaceOrientations_iPad = "UIInterfaceOrientationPortrait UIInterfaceOrientationPortraitUpsideDown UIInterfaceOrientationLandscapeLeft UIInterfaceOrientationLandscapeRight";
				INFOPLIST_KEY_UISupportedInterfaceOrientations_iPhone = "UIInterfaceOrientationPortrait UIInterfaceOrientationLandscapeLeft UIInterfaceOrientationLandscapeRight";
				LD_RUNPATH_SEARCH_PATHS = (
					"$(inherited)",
					"@executable_path/Frameworks",
				);
				MARKETING_VERSION = 1.0;
				PRODUCT_BUNDLE_IDENTIFIER = com.ledoux.sanguo.QuickSwitcherInteraction;
				PRODUCT_NAME = "$(TARGET_NAME)";
				STRING_CATALOG_GENERATE_SYMBOLS = YES;
				SWIFT_APPROACHABLE_CONCURRENCY = YES;
				SWIFT_DEFAULT_ACTOR_ISOLATION = MainActor;
				SWIFT_EMIT_LOC_STRINGS = YES;
				SWIFT_UPCOMING_FEATURE_MEMBER_IMPORT_VISIBILITY = YES;
				SWIFT_VERSION = 5.0;
				TARGETED_DEVICE_FAMILY = "1,2";
			};
			name = Debug;
		};
		EF90621F2EA83BB800B650B4 /* Release */ = {
			isa = XCBuildConfiguration;
			buildSettings = {
				ASSETCATALOG_COMPILER_APPICON_NAME = AppIcon;
				ASSETCATALOG_COMPILER_GLOBAL_ACCENT_COLOR_NAME = AccentColor;
				CODE_SIGN_STYLE = Automatic;
				CURRENT_PROJECT_VERSION = 1;
				ENABLE_PREVIEWS = YES;
				GENERATE_INFOPLIST_FILE = YES;
				INFOPLIST_KEY_UIApplicationSceneManifest_Generation = YES;
				INFOPLIST_KEY_UIApplicationSupportsIndirectInputEvents = YES;
				INFOPLIST_KEY_UILaunchScreen_Generation = YES;
				INFOPLIST_KEY_UISupportedInterfaceOrientations_iPad = "UIInterfaceOrientationPortrait UIInterfaceOrientationPortraitUpsideDown UIInterfaceOrientationLandscapeLeft UIInterfaceOrientationLandscapeRight";
				INFOPLIST_KEY_UISupportedInterfaceOrientations_iPhone = "UIInterfaceOrientationPortrait UIInterfaceOrientationLandscapeLeft UIInterfaceOrientationLandscapeRight";
				LD_RUNPATH_SEARCH_PATHS = (
					"$(inherited)",
					"@executable_path/Frameworks",
				);
				MARKETING_VERSION = 1.0;
				PRODUCT_BUNDLE_IDENTIFIER = com.ledoux.sanguo.QuickSwitcherInteraction;
				PRODUCT_NAME = "$(TARGET_NAME)";
				STRING_CATALOG_GENERATE_SYMBOLS = YES;
				SWIFT_APPROACHABLE_CONCURRENCY = YES;
				SWIFT_DEFAULT_ACTOR_ISOLATION = MainActor;
				SWIFT_EMIT_LOC_STRINGS = YES;
				SWIFT_UPCOMING_FEATURE_MEMBER_IMPORT_VISIBILITY = YES;
				SWIFT_VERSION = 5.0;
				TARGETED_DEVICE_FAMILY = "1,2";
			};
			name = Release;
		};
		EF9062212EA83BB800B650B4 /* Debug */ = {
			isa = XCBuildConfiguration;
			buildSettings = {
				BUNDLE_LOADER = "$(TEST_HOST)";
				CODE_SIGN_STYLE = Automatic;
				CURRENT_PROJECT_VERSION = 1;
				GENERATE_INFOPLIST_FILE = YES;
				IPHONEOS_DEPLOYMENT_TARGET = 26.0;
				MARKETING_VERSION = 1.0;
				PRODUCT_BUNDLE_IDENTIFIER = com.ledoux.sanguo.QuickSwitcherInteractionTests;
				PRODUCT_NAME = "$(TARGET_NAME)";
				STRING_CATALOG_GENERATE_SYMBOLS = NO;
				SWIFT_APPROACHABLE_CONCURRENCY = YES;
				SWIFT_EMIT_LOC_STRINGS = NO;
				SWIFT_UPCOMING_FEATURE_MEMBER_IMPORT_VISIBILITY = YES;
				SWIFT_VERSION = 5.0;
				TARGETED_DEVICE_FAMILY = "1,2";
				TEST_HOST = "$(BUILT_PRODUCTS_DIR)/QuickSwitcherInteraction.app/$(BUNDLE_EXECUTABLE_FOLDER_PATH)/QuickSwitcherInteraction";
			};
			name = Debug;
		};
		EF9062222EA83BB800B650B4 /* Release */ = {
			isa = XCBuildConfiguration;
			buildSettings = {
				BUNDLE_LOADER = "$(TEST_HOST)";
				CODE_SIGN_STYLE = Automatic;
				CURRENT_PROJECT_VERSION = 1;
				GENERATE_INFOPLIST_FILE = YES;
				IPHONEOS_DEPLOYMENT_TARGET = 26.0;
				MARKETING_VERSION = 1.0;
				PRODUCT_BUNDLE_IDENTIFIER = com.ledoux.sanguo.QuickSwitcherInteractionTests;
				PRODUCT_NAME = "$(TARGET_NAME)";
				STRING_CATALOG_GENERATE_SYMBOLS = NO;
				SWIFT_APPROACHABLE_CONCURRENCY = YES;
				SWIFT_EMIT_LOC_STRINGS = NO;
				SWIFT_UPCOMING_FEATURE_MEMBER_IMPORT_VISIBILITY = YES;
				SWIFT_VERSION = 5.0;
				TARGETED_DEVICE_FAMILY = "1,2";
				TEST_HOST = "$(BUILT_PRODUCTS_DIR)/QuickSwitcherInteraction.app/$(BUNDLE_EXECUTABLE_FOLDER_PATH)/QuickSwitcherInteraction";
			};
			name = Release;
		};
		EF9062242EA83BB800B650B4 /* Debug */ = {
			isa = XCBuildConfiguration;
			buildSettings = {
				CODE_SIGN_STYLE = Automatic;
				CURRENT_PROJECT_VERSION = 1;
				GENERATE_INFOPLIST_FILE = YES;
				MARKETING_VERSION = 1.0;
				PRODUCT_BUNDLE_IDENTIFIER = com.ledoux.sanguo.QuickSwitcherInteractionUITests;
				PRODUCT_NAME = "$(TARGET_NAME)";
				STRING_CATALOG_GENERATE_SYMBOLS = NO;
				SWIFT_APPROACHABLE_CONCURRENCY = YES;
				SWIFT_EMIT_LOC_STRINGS = NO;
				SWIFT_UPCOMING_FEATURE_MEMBER_IMPORT_VISIBILITY = YES;
				SWIFT_VERSION = 5.0;
				TARGETED_DEVICE_FAMILY = "1,2";
				TEST_TARGET_NAME = QuickSwitcherInteraction;
			};
			name = Debug;
		};
		EF9062252EA83BB800B650B4 /* Release */ = {
			isa = XCBuildConfiguration;
			buildSettings = {
				CODE_SIGN_STYLE = Automatic;
				CURRENT_PROJECT_VERSION = 1;
				GENERATE_INFOPLIST_FILE = YES;
				MARKETING_VERSION = 1.0;
				PRODUCT_BUNDLE_IDENTIFIER = com.ledoux.sanguo.QuickSwitcherInteractionUITests;
				PRODUCT_NAME = "$(TARGET_NAME)";
				STRING_CATALOG_GENERATE_SYMBOLS = NO;
				SWIFT_APPROACHABLE_CONCURRENCY = YES;
				SWIFT_EMIT_LOC_STRINGS = NO;
				SWIFT_UPCOMING_FEATURE_MEMBER_IMPORT_VISIBILITY = YES;
				SWIFT_VERSION = 5.0;
				TARGETED_DEVICE_FAMILY = "1,2";
				TEST_TARGET_NAME = QuickSwitcherInteraction;
			};
			name = Release;
		};
/* End XCBuildConfiguration section */

/* Begin XCConfigurationList section */
		EF9061F72EA83BB500B650B4 /* Build configuration list for PBXProject "QuickSwitcherInteraction" */ = {
			isa = XCConfigurationList;
			buildConfigurations = (
				EF90621B2EA83BB800B650B4 /* Debug */,
				EF90621C2EA83BB800B650B4 /* Release */,
			);
			defaultConfigurationIsVisible = 0;
			defaultConfigurationName = Release;
		};
		EF90621D2EA83BB800B650B4 /* Build configuration list for PBXNativeTarget "QuickSwitcherInteraction" */ = {
			isa = XCConfigurationList;
			buildConfigurations = (
				EF90621E2EA83BB800B650B4 /* Debug */,
				EF90621F2EA83BB800B650B4 /* Release */,
			);
			defaultConfigurationIsVisible = 0;
			defaultConfigurationName = Release;
		};
		EF9062202EA83BB800B650B4 /* Build configuration list for PBXNativeTarget "QuickSwitcherInteractionTests" */ = {
			isa = XCConfigurationList;
			buildConfigurations = (
				EF9062212EA83BB800B650B4 /* Debug */,
				EF9062222EA83BB800B650B4 /* Release */,
			);
			defaultConfigurationIsVisible = 0;
			defaultConfigurationName = Release;
		};
		EF9062232EA83BB800B650B4 /* Build configuration list for PBXNativeTarget "QuickSwitcherInteractionUITests" */ = {
			isa = XCConfigurationList;
			buildConfigurations = (
				EF9062242EA83BB800B650B4 /* Debug */,
				EF9062252EA83BB800B650B4 /* Release */,
			);
			defaultConfigurationIsVisible = 0;
			defaultConfigurationName = Release;
		};
/* End XCConfigurationList section */
	};
	rootObject = EF9061F42EA83BB500B650B4 /* Project object */;
}
